github.com/google/go-cmp v0.5.9 h1:O2Tfq5qg4qc4AmwVlvv0oLiVAGB7enBSJ2x2DqQFi38=
github.com/google/go-cmp v0.5.9/go.mod h1:17dUlkBOakJ0+DkrSSNjCkIjxS6bF9zb3elmeNGIjoY=
github.com/shogo82148/ridgenative v1.4.0 h1:yBsshqKQ86Y155CzgW3iC34DPwpcClceCJ8JQBd36UE=
github.com/shogo82148/ridgenative v1.4.0/go.mod h1:PInWLpQIV0RsZI3j81ZH87hQ2knhDiMGbeDuTli3QIE=
