github.com/google/go-cmp v0.7.0 h1:wk8382ETsv4JYUZwIsn6YpYiWiBsYLSJiTsyBybVuN8=
github.com/google/go-cmp v0.7.0/go.mod h1:pXiqmnSA92OHEEa9HXL2W4E7lf9JzCmGVUdgjX3N/iU=
github.com/shogo82148/ridgenative v1.5.2 h1://+YnD9G/Hh92DiZgYdrSpmfmDbC3teqfn4jH6JqvgE=
github.com/shogo82148/ridgenative v1.5.2/go.mod h1:/gfuzLHg+7tv43mB6MJCbmkI973mMdd+6JOV9GZWiBw=
